// !$*UTF8*$!
{
	archiveVersion = 1;
	classes = {
	};
	objectVersion = 46;
	objects = {

/* Begin PBXBuildFile section */
		5530A05E1D75C04300EB09D5 /* ABExhibitionsViewController.m in Sources */ = {isa = PBXBuildFile; fileRef = 5530A05D1D75C04300EB09D5 /* ABExhibitionsViewController.m */; };
		5530A0621D76170D00EB09D5 /* ABExhibitionPreviewCell.m in Sources */ = {isa = PBXBuildFile; fileRef = 5530A0611D76170D00EB09D5 /* ABExhibitionPreviewCell.m */; };
		5530A0651D76222F00EB09D5 /* ABAuthorizationViewController.m in Sources */ = {isa = PBXBuildFile; fileRef = 5530A0641D76222F00EB09D5 /* ABAuthorizationViewController.m */; };
		5530A0731D762C0900EB09D5 /* OpenSans-Bold.ttf in Resources */ = {isa = PBXBuildFile; fileRef = 5530A06F1D7629C600EB09D5 /* OpenSans-Bold.ttf */; };
		5530A0741D762C0900EB09D5 /* OpenSans-ExtraBold.ttf in Resources */ = {isa = PBXBuildFile; fileRef = 5530A0701D7629C600EB09D5 /* OpenSans-ExtraBold.ttf */; };
		5530A0751D762C0900EB09D5 /* OpenSans-Light.ttf in Resources */ = {isa = PBXBuildFile; fileRef = 5530A0711D7629C600EB09D5 /* OpenSans-Light.ttf */; };
		5530A0761D762C0900EB09D5 /* OpenSans-Regular.ttf in Resources */ = {isa = PBXBuildFile; fileRef = 5530A0721D7629C600EB09D5 /* OpenSans-Regular.ttf */; };
		553CA2811D81A31E00D2F9A1 /* ABMasterPieceViewController.m in Sources */ = {isa = PBXBuildFile; fileRef = 553CA2801D81A31E00D2F9A1 /* ABMasterPieceViewController.m */; };
		553CA3021D85F17600D2F9A1 /* AFHTTPSessionManager.m in Sources */ = {isa = PBXBuildFile; fileRef = 553CA2E11D85F17600D2F9A1 /* AFHTTPSessionManager.m */; };
		553CA3031D85F17600D2F9A1 /* AFNetworkReachabilityManager.m in Sources */ = {isa = PBXBuildFile; fileRef = 553CA2E41D85F17600D2F9A1 /* AFNetworkReachabilityManager.m */; };
		553CA3041D85F17600D2F9A1 /* AFSecurityPolicy.m in Sources */ = {isa = PBXBuildFile; fileRef = 553CA2E61D85F17600D2F9A1 /* AFSecurityPolicy.m */; };
		553CA3051D85F17600D2F9A1 /* AFURLRequestSerialization.m in Sources */ = {isa = PBXBuildFile; fileRef = 553CA2E81D85F17600D2F9A1 /* AFURLRequestSerialization.m */; };
		553CA3061D85F17600D2F9A1 /* AFURLResponseSerialization.m in Sources */ = {isa = PBXBuildFile; fileRef = 553CA2EA1D85F17600D2F9A1 /* AFURLResponseSerialization.m */; };
		553CA3071D85F17600D2F9A1 /* AFURLSessionManager.m in Sources */ = {isa = PBXBuildFile; fileRef = 553CA2EC1D85F17600D2F9A1 /* AFURLSessionManager.m */; };
		553CA3081D85F17600D2F9A1 /* AFAutoPurgingImageCache.m in Sources */ = {isa = PBXBuildFile; fileRef = 553CA2EF1D85F17600D2F9A1 /* AFAutoPurgingImageCache.m */; };
		553CA3091D85F17600D2F9A1 /* AFImageDownloader.m in Sources */ = {isa = PBXBuildFile; fileRef = 553CA2F11D85F17600D2F9A1 /* AFImageDownloader.m */; };
		553CA30A1D85F17600D2F9A1 /* AFNetworkActivityIndicatorManager.m in Sources */ = {isa = PBXBuildFile; fileRef = 553CA2F31D85F17600D2F9A1 /* AFNetworkActivityIndicatorManager.m */; };
		553CA30B1D85F17600D2F9A1 /* UIActivityIndicatorView+AFNetworking.m in Sources */ = {isa = PBXBuildFile; fileRef = 553CA2F51D85F17600D2F9A1 /* UIActivityIndicatorView+AFNetworking.m */; };
		553CA30C1D85F17600D2F9A1 /* UIButton+AFNetworking.m in Sources */ = {isa = PBXBuildFile; fileRef = 553CA2F71D85F17600D2F9A1 /* UIButton+AFNetworking.m */; };
		553CA30D1D85F17600D2F9A1 /* UIImageView+AFNetworking.m in Sources */ = {isa = PBXBuildFile; fileRef = 553CA2FA1D85F17600D2F9A1 /* UIImageView+AFNetworking.m */; };
		553CA30E1D85F17600D2F9A1 /* UIProgressView+AFNetworking.m in Sources */ = {isa = PBXBuildFile; fileRef = 553CA2FD1D85F17600D2F9A1 /* UIProgressView+AFNetworking.m */; };
		553CA30F1D85F17600D2F9A1 /* UIRefreshControl+AFNetworking.m in Sources */ = {isa = PBXBuildFile; fileRef = 553CA2FF1D85F17600D2F9A1 /* UIRefreshControl+AFNetworking.m */; };
		553CA3101D85F17600D2F9A1 /* UIWebView+AFNetworking.m in Sources */ = {isa = PBXBuildFile; fileRef = 553CA3011D85F17600D2F9A1 /* UIWebView+AFNetworking.m */; };
		553CA3141D85FDE500D2F9A1 /* ABEventsNetworkLoader.m in Sources */ = {isa = PBXBuildFile; fileRef = 553CA3131D85FDE500D2F9A1 /* ABEventsNetworkLoader.m */; };
		557D97681D78C059001A6714 /* ABRoundedButton.m in Sources */ = {isa = PBXBuildFile; fileRef = 557D97671D78C059001A6714 /* ABRoundedButton.m */; };
		557D976C1D78CC3C001A6714 /* ABExhibitionInfoViewController.m in Sources */ = {isa = PBXBuildFile; fileRef = 557D976B1D78CC3C001A6714 /* ABExhibitionInfoViewController.m */; };
		557D976F1D7CAA19001A6714 /* ABMasterPieceCollectionViewCell.m in Sources */ = {isa = PBXBuildFile; fileRef = 557D976E1D7CAA19001A6714 /* ABMasterPieceCollectionViewCell.m */; };
		557D97721D7CBF35001A6714 /* NSDate+NSString.m in Sources */ = {isa = PBXBuildFile; fileRef = 557D97711D7CBF35001A6714 /* NSDate+NSString.m */; };
		55B59F771D673F2100C3C4D4 /* main.m in Sources */ = {isa = PBXBuildFile; fileRef = 55B59F761D673F2100C3C4D4 /* main.m */; };
		55B59F7A1D673F2100C3C4D4 /* AppDelegate.m in Sources */ = {isa = PBXBuildFile; fileRef = 55B59F791D673F2100C3C4D4 /* AppDelegate.m */; };
		55B59F801D673F2100C3C4D4 /* Main.storyboard in Resources */ = {isa = PBXBuildFile; fileRef = 55B59F7E1D673F2100C3C4D4 /* Main.storyboard */; };
		55B59F821D673F2100C3C4D4 /* Assets.xcassets in Resources */ = {isa = PBXBuildFile; fileRef = 55B59F811D673F2100C3C4D4 /* Assets.xcassets */; };
		55B59F851D673F2100C3C4D4 /* LaunchScreen.storyboard in Resources */ = {isa = PBXBuildFile; fileRef = 55B59F831D673F2100C3C4D4 /* LaunchScreen.storyboard */; };
		55B59FA41D6CCE3900C3C4D4 /* NSString+NSDate.m in Sources */ = {isa = PBXBuildFile; fileRef = 55B59FA31D6CCE3900C3C4D4 /* NSString+NSDate.m */; };
		55B59FB51D6CEAE800C3C4D4 /* Event.m in Sources */ = {isa = PBXBuildFile; fileRef = 55B59FAC1D6CEAE800C3C4D4 /* Event.m */; };
		55B59FB61D6CEAE800C3C4D4 /* Exhibition.m in Sources */ = {isa = PBXBuildFile; fileRef = 55B59FAE1D6CEAE800C3C4D4 /* Exhibition.m */; };
		55B59FB71D6CEAE800C3C4D4 /* Gallery.m in Sources */ = {isa = PBXBuildFile; fileRef = 55B59FB01D6CEAE800C3C4D4 /* Gallery.m */; };
		55B59FB81D6CEAE800C3C4D4 /* MasterPiece.m in Sources */ = {isa = PBXBuildFile; fileRef = 55B59FB21D6CEAE800C3C4D4 /* MasterPiece.m */; };
		55B59FB91D6CEAE800C3C4D4 /* Venue.m in Sources */ = {isa = PBXBuildFile; fileRef = 55B59FB41D6CEAE800C3C4D4 /* Venue.m */; };
		55B59FBC1D6CF35200C3C4D4 /* EventsManager.m in Sources */ = {isa = PBXBuildFile; fileRef = 55B59FBB1D6CF35200C3C4D4 /* EventsManager.m */; };
/* End PBXBuildFile section */

/* Begin PBXFileReference section */
		5530A05C1D75C04300EB09D5 /* ABExhibitionsViewController.h */ = {isa = PBXFileReference; fileEncoding = 4; lastKnownFileType = sourcecode.c.h; path = ABExhibitionsViewController.h; sourceTree = "<group>"; };
		5530A05D1D75C04300EB09D5 /* ABExhibitionsViewController.m */ = {isa = PBXFileReference; fileEncoding = 4; lastKnownFileType = sourcecode.c.objc; path = ABExhibitionsViewController.m; sourceTree = "<group>"; };
		5530A0601D76170D00EB09D5 /* ABExhibitionPreviewCell.h */ = {isa = PBXFileReference; fileEncoding = 4; lastKnownFileType = sourcecode.c.h; path = ABExhibitionPreviewCell.h; sourceTree = "<group>"; };
		5530A0611D76170D00EB09D5 /* ABExhibitionPreviewCell.m */ = {isa = PBXFileReference; fileEncoding = 4; lastKnownFileType = sourcecode.c.objc; path = ABExhibitionPreviewCell.m; sourceTree = "<group>"; };
		5530A0631D76222F00EB09D5 /* ABAuthorizationViewController.h */ = {isa = PBXFileReference; fileEncoding = 4; lastKnownFileType = sourcecode.c.h; path = ABAuthorizationViewController.h; sourceTree = "<group>"; };
		5530A0641D76222F00EB09D5 /* ABAuthorizationViewController.m */ = {isa = PBXFileReference; fileEncoding = 4; lastKnownFileType = sourcecode.c.objc; path = ABAuthorizationViewController.m; sourceTree = "<group>"; };
		5530A06F1D7629C600EB09D5 /* OpenSans-Bold.ttf */ = {isa = PBXFileReference; lastKnownFileType = file; name = "OpenSans-Bold.ttf"; path = "Fonts/OpenSans-Bold.ttf"; sourceTree = "<group>"; };
		5530A0701D7629C600EB09D5 /* OpenSans-ExtraBold.ttf */ = {isa = PBXFileReference; lastKnownFileType = file; name = "OpenSans-ExtraBold.ttf"; path = "Fonts/OpenSans-ExtraBold.ttf"; sourceTree = "<group>"; };
		5530A0711D7629C600EB09D5 /* OpenSans-Light.ttf */ = {isa = PBXFileReference; lastKnownFileType = file; name = "OpenSans-Light.ttf"; path = "Fonts/OpenSans-Light.ttf"; sourceTree = "<group>"; };
		5530A0721D7629C600EB09D5 /* OpenSans-Regular.ttf */ = {isa = PBXFileReference; lastKnownFileType = file; name = "OpenSans-Regular.ttf"; path = "Fonts/OpenSans-Regular.ttf"; sourceTree = "<group>"; };
		553CA27F1D81A31E00D2F9A1 /* ABMasterPieceViewController.h */ = {isa = PBXFileReference; fileEncoding = 4; lastKnownFileType = sourcecode.c.h; path = ABMasterPieceViewController.h; sourceTree = "<group>"; };
		553CA2801D81A31E00D2F9A1 /* ABMasterPieceViewController.m */ = {isa = PBXFileReference; fileEncoding = 4; lastKnownFileType = sourcecode.c.objc; path = ABMasterPieceViewController.m; sourceTree = "<group>"; };
		553CA2E01D85F17600D2F9A1 /* AFHTTPSessionManager.h */ = {isa = PBXFileReference; fileEncoding = 4; lastKnownFileType = sourcecode.c.h; path = AFHTTPSessionManager.h; sourceTree = "<group>"; };
		553CA2E11D85F17600D2F9A1 /* AFHTTPSessionManager.m */ = {isa = PBXFileReference; fileEncoding = 4; lastKnownFileType = sourcecode.c.objc; path = AFHTTPSessionManager.m; sourceTree = "<group>"; };
		553CA2E21D85F17600D2F9A1 /* AFNetworking.h */ = {isa = PBXFileReference; fileEncoding = 4; lastKnownFileType = sourcecode.c.h; path = AFNetworking.h; sourceTree = "<group>"; };
		553CA2E31D85F17600D2F9A1 /* AFNetworkReachabilityManager.h */ = {isa = PBXFileReference; fileEncoding = 4; lastKnownFileType = sourcecode.c.h; path = AFNetworkReachabilityManager.h; sourceTree = "<group>"; };
		553CA2E41D85F17600D2F9A1 /* AFNetworkReachabilityManager.m */ = {isa = PBXFileReference; fileEncoding = 4; lastKnownFileType = sourcecode.c.objc; path = AFNetworkReachabilityManager.m; sourceTree = "<group>"; };
		553CA2E51D85F17600D2F9A1 /* AFSecurityPolicy.h */ = {isa = PBXFileReference; fileEncoding = 4; lastKnownFileType = sourcecode.c.h; path = AFSecurityPolicy.h; sourceTree = "<group>"; };
		553CA2E61D85F17600D2F9A1 /* AFSecurityPolicy.m */ = {isa = PBXFileReference; fileEncoding = 4; lastKnownFileType = sourcecode.c.objc; path = AFSecurityPolicy.m; sourceTree = "<group>"; };
		553CA2E71D85F17600D2F9A1 /* AFURLRequestSerialization.h */ = {isa = PBXFileReference; fileEncoding = 4; lastKnownFileType = sourcecode.c.h; path = AFURLRequestSerialization.h; sourceTree = "<group>"; };
		553CA2E81D85F17600D2F9A1 /* AFURLRequestSerialization.m */ = {isa = PBXFileReference; fileEncoding = 4; lastKnownFileType = sourcecode.c.objc; path = AFURLRequestSerialization.m; sourceTree = "<group>"; };
		553CA2E91D85F17600D2F9A1 /* AFURLResponseSerialization.h */ = {isa = PBXFileReference; fileEncoding = 4; lastKnownFileType = sourcecode.c.h; path = AFURLResponseSerialization.h; sourceTree = "<group>"; };
		553CA2EA1D85F17600D2F9A1 /* AFURLResponseSerialization.m */ = {isa = PBXFileReference; fileEncoding = 4; lastKnownFileType = sourcecode.c.objc; path = AFURLResponseSerialization.m; sourceTree = "<group>"; };
		553CA2EB1D85F17600D2F9A1 /* AFURLSessionManager.h */ = {isa = PBXFileReference; fileEncoding = 4; lastKnownFileType = sourcecode.c.h; path = AFURLSessionManager.h; sourceTree = "<group>"; };
		553CA2EC1D85F17600D2F9A1 /* AFURLSessionManager.m */ = {isa = PBXFileReference; fileEncoding = 4; lastKnownFileType = sourcecode.c.objc; path = AFURLSessionManager.m; sourceTree = "<group>"; };
		553CA2EE1D85F17600D2F9A1 /* AFAutoPurgingImageCache.h */ = {isa = PBXFileReference; fileEncoding = 4; lastKnownFileType = sourcecode.c.h; path = AFAutoPurgingImageCache.h; sourceTree = "<group>"; };
		553CA2EF1D85F17600D2F9A1 /* AFAutoPurgingImageCache.m */ = {isa = PBXFileReference; fileEncoding = 4; lastKnownFileType = sourcecode.c.objc; path = AFAutoPurgingImageCache.m; sourceTree = "<group>"; };
		553CA2F01D85F17600D2F9A1 /* AFImageDownloader.h */ = {isa = PBXFileReference; fileEncoding = 4; lastKnownFileType = sourcecode.c.h; path = AFImageDownloader.h; sourceTree = "<group>"; };
		553CA2F11D85F17600D2F9A1 /* AFImageDownloader.m */ = {isa = PBXFileReference; fileEncoding = 4; lastKnownFileType = sourcecode.c.objc; path = AFImageDownloader.m; sourceTree = "<group>"; };
		553CA2F21D85F17600D2F9A1 /* AFNetworkActivityIndicatorManager.h */ = {isa = PBXFileReference; fileEncoding = 4; lastKnownFileType = sourcecode.c.h; path = AFNetworkActivityIndicatorManager.h; sourceTree = "<group>"; };
		553CA2F31D85F17600D2F9A1 /* AFNetworkActivityIndicatorManager.m */ = {isa = PBXFileReference; fileEncoding = 4; lastKnownFileType = sourcecode.c.objc; path = AFNetworkActivityIndicatorManager.m; sourceTree = "<group>"; };
		553CA2F41D85F17600D2F9A1 /* UIActivityIndicatorView+AFNetworking.h */ = {isa = PBXFileReference; fileEncoding = 4; lastKnownFileType = sourcecode.c.h; path = "UIActivityIndicatorView+AFNetworking.h"; sourceTree = "<group>"; };
		553CA2F51D85F17600D2F9A1 /* UIActivityIndicatorView+AFNetworking.m */ = {isa = PBXFileReference; fileEncoding = 4; lastKnownFileType = sourcecode.c.objc; path = "UIActivityIndicatorView+AFNetworking.m"; sourceTree = "<group>"; };
		553CA2F61D85F17600D2F9A1 /* UIButton+AFNetworking.h */ = {isa = PBXFileReference; fileEncoding = 4; lastKnownFileType = sourcecode.c.h; path = "UIButton+AFNetworking.h"; sourceTree = "<group>"; };
		553CA2F71D85F17600D2F9A1 /* UIButton+AFNetworking.m */ = {isa = PBXFileReference; fileEncoding = 4; lastKnownFileType = sourcecode.c.objc; path = "UIButton+AFNetworking.m"; sourceTree = "<group>"; };
		553CA2F81D85F17600D2F9A1 /* UIImage+AFNetworking.h */ = {isa = PBXFileReference; fileEncoding = 4; lastKnownFileType = sourcecode.c.h; path = "UIImage+AFNetworking.h"; sourceTree = "<group>"; };
		553CA2F91D85F17600D2F9A1 /* UIImageView+AFNetworking.h */ = {isa = PBXFileReference; fileEncoding = 4; lastKnownFileType = sourcecode.c.h; path = "UIImageView+AFNetworking.h"; sourceTree = "<group>"; };
		553CA2FA1D85F17600D2F9A1 /* UIImageView+AFNetworking.m */ = {isa = PBXFileReference; fileEncoding = 4; lastKnownFileType = sourcecode.c.objc; path = "UIImageView+AFNetworking.m"; sourceTree = "<group>"; };
		553CA2FB1D85F17600D2F9A1 /* UIKit+AFNetworking.h */ = {isa = PBXFileReference; fileEncoding = 4; lastKnownFileType = sourcecode.c.h; path = "UIKit+AFNetworking.h"; sourceTree = "<group>"; };
		553CA2FC1D85F17600D2F9A1 /* UIProgressView+AFNetworking.h */ = {isa = PBXFileReference; fileEncoding = 4; lastKnownFileType = sourcecode.c.h; path = "UIProgressView+AFNetworking.h"; sourceTree = "<group>"; };
		553CA2FD1D85F17600D2F9A1 /* UIProgressView+AFNetworking.m */ = {isa = PBXFileReference; fileEncoding = 4; lastKnownFileType = sourcecode.c.objc; path = "UIProgressView+AFNetworking.m"; sourceTree = "<group>"; };
		553CA2FE1D85F17600D2F9A1 /* UIRefreshControl+AFNetworking.h */ = {isa = PBXFileReference; fileEncoding = 4; lastKnownFileType = sourcecode.c.h; path = "UIRefreshControl+AFNetworking.h"; sourceTree = "<group>"; };
		553CA2FF1D85F17600D2F9A1 /* UIRefreshControl+AFNetworking.m */ = {isa = PBXFileReference; fileEncoding = 4; lastKnownFileType = sourcecode.c.objc; path = "UIRefreshControl+AFNetworking.m"; sourceTree = "<group>"; };
		553CA3001D85F17600D2F9A1 /* UIWebView+AFNetworking.h */ = {isa = PBXFileReference; fileEncoding = 4; lastKnownFileType = sourcecode.c.h; path = "UIWebView+AFNetworking.h"; sourceTree = "<group>"; };
		553CA3011D85F17600D2F9A1 /* UIWebView+AFNetworking.m */ = {isa = PBXFileReference; fileEncoding = 4; lastKnownFileType = sourcecode.c.objc; path = "UIWebView+AFNetworking.m"; sourceTree = "<group>"; };
		553CA3111D85FD5600D2F9A1 /* DataLoader.h */ = {isa = PBXFileReference; fileEncoding = 4; lastKnownFileType = sourcecode.c.h; path = DataLoader.h; sourceTree = "<group>"; };
		553CA3121D85FDE500D2F9A1 /* ABEventsNetworkLoader.h */ = {isa = PBXFileReference; fileEncoding = 4; lastKnownFileType = sourcecode.c.h; path = ABEventsNetworkLoader.h; sourceTree = "<group>"; };
		553CA3131D85FDE500D2F9A1 /* ABEventsNetworkLoader.m */ = {isa = PBXFileReference; fileEncoding = 4; lastKnownFileType = sourcecode.c.objc; path = ABEventsNetworkLoader.m; sourceTree = "<group>"; };
		557D97661D78C059001A6714 /* ABRoundedButton.h */ = {isa = PBXFileReference; fileEncoding = 4; lastKnownFileType = sourcecode.c.h; path = ABRoundedButton.h; sourceTree = "<group>"; };
		557D97671D78C059001A6714 /* ABRoundedButton.m */ = {isa = PBXFileReference; fileEncoding = 4; lastKnownFileType = sourcecode.c.objc; path = ABRoundedButton.m; sourceTree = "<group>"; };
		557D976A1D78CC3C001A6714 /* ABExhibitionInfoViewController.h */ = {isa = PBXFileReference; fileEncoding = 4; lastKnownFileType = sourcecode.c.h; path = ABExhibitionInfoViewController.h; sourceTree = "<group>"; };
		557D976B1D78CC3C001A6714 /* ABExhibitionInfoViewController.m */ = {isa = PBXFileReference; fileEncoding = 4; lastKnownFileType = sourcecode.c.objc; path = ABExhibitionInfoViewController.m; sourceTree = "<group>"; };
		557D976D1D7CAA19001A6714 /* ABMasterPieceCollectionViewCell.h */ = {isa = PBXFileReference; fileEncoding = 4; lastKnownFileType = sourcecode.c.h; path = ABMasterPieceCollectionViewCell.h; sourceTree = "<group>"; };
		557D976E1D7CAA19001A6714 /* ABMasterPieceCollectionViewCell.m */ = {isa = PBXFileReference; fileEncoding = 4; lastKnownFileType = sourcecode.c.objc; path = ABMasterPieceCollectionViewCell.m; sourceTree = "<group>"; };
		557D97701D7CBF35001A6714 /* NSDate+NSString.h */ = {isa = PBXFileReference; fileEncoding = 4; lastKnownFileType = sourcecode.c.h; path = "NSDate+NSString.h"; sourceTree = "<group>"; };
		557D97711D7CBF35001A6714 /* NSDate+NSString.m */ = {isa = PBXFileReference; fileEncoding = 4; lastKnownFileType = sourcecode.c.objc; path = "NSDate+NSString.m"; sourceTree = "<group>"; };
		55B59F721D673F2100C3C4D4 /* ExhibitionProject.app */ = {isa = PBXFileReference; explicitFileType = wrapper.application; includeInIndex = 0; path = ExhibitionProject.app; sourceTree = BUILT_PRODUCTS_DIR; };
		55B59F761D673F2100C3C4D4 /* main.m */ = {isa = PBXFileReference; lastKnownFileType = sourcecode.c.objc; path = main.m; sourceTree = "<group>"; };
		55B59F781D673F2100C3C4D4 /* AppDelegate.h */ = {isa = PBXFileReference; lastKnownFileType = sourcecode.c.h; path = AppDelegate.h; sourceTree = "<group>"; };
		55B59F791D673F2100C3C4D4 /* AppDelegate.m */ = {isa = PBXFileReference; lastKnownFileType = sourcecode.c.objc; path = AppDelegate.m; sourceTree = "<group>"; };
		55B59F7F1D673F2100C3C4D4 /* Base */ = {isa = PBXFileReference; lastKnownFileType = file.storyboard; name = Base; path = Base.lproj/Main.storyboard; sourceTree = "<group>"; };
		55B59F811D673F2100C3C4D4 /* Assets.xcassets */ = {isa = PBXFileReference; lastKnownFileType = folder.assetcatalog; path = Assets.xcassets; sourceTree = "<group>"; };
		55B59F841D673F2100C3C4D4 /* Base */ = {isa = PBXFileReference; lastKnownFileType = file.storyboard; name = Base; path = Base.lproj/LaunchScreen.storyboard; sourceTree = "<group>"; };
		55B59F861D673F2100C3C4D4 /* Info.plist */ = {isa = PBXFileReference; lastKnownFileType = text.plist.xml; path = Info.plist; sourceTree = "<group>"; };
		55B59F8D1D673F6900C3C4D4 /* FavoriteItem.h */ = {isa = PBXFileReference; fileEncoding = 4; lastKnownFileType = sourcecode.c.h; path = FavoriteItem.h; sourceTree = "<group>"; };
		55B59FA21D6CCE3800C3C4D4 /* NSString+NSDate.h */ = {isa = PBXFileReference; fileEncoding = 4; lastKnownFileType = sourcecode.c.h; path = "NSString+NSDate.h"; sourceTree = "<group>"; };
		55B59FA31D6CCE3900C3C4D4 /* NSString+NSDate.m */ = {isa = PBXFileReference; fileEncoding = 4; lastKnownFileType = sourcecode.c.objc; path = "NSString+NSDate.m"; sourceTree = "<group>"; };
		55B59FAB1D6CEAE800C3C4D4 /* Event.h */ = {isa = PBXFileReference; fileEncoding = 4; lastKnownFileType = sourcecode.c.h; path = Event.h; sourceTree = "<group>"; };
		55B59FAC1D6CEAE800C3C4D4 /* Event.m */ = {isa = PBXFileReference; fileEncoding = 4; lastKnownFileType = sourcecode.c.objc; path = Event.m; sourceTree = "<group>"; };
		55B59FAD1D6CEAE800C3C4D4 /* Exhibition.h */ = {isa = PBXFileReference; fileEncoding = 4; lastKnownFileType = sourcecode.c.h; path = Exhibition.h; sourceTree = "<group>"; };
		55B59FAE1D6CEAE800C3C4D4 /* Exhibition.m */ = {isa = PBXFileReference; fileEncoding = 4; lastKnownFileType = sourcecode.c.objc; path = Exhibition.m; sourceTree = "<group>"; };
		55B59FAF1D6CEAE800C3C4D4 /* Gallery.h */ = {isa = PBXFileReference; fileEncoding = 4; lastKnownFileType = sourcecode.c.h; path = Gallery.h; sourceTree = "<group>"; };
		55B59FB01D6CEAE800C3C4D4 /* Gallery.m */ = {isa = PBXFileReference; fileEncoding = 4; lastKnownFileType = sourcecode.c.objc; path = Gallery.m; sourceTree = "<group>"; };
		55B59FB11D6CEAE800C3C4D4 /* MasterPiece.h */ = {isa = PBXFileReference; fileEncoding = 4; lastKnownFileType = sourcecode.c.h; path = MasterPiece.h; sourceTree = "<group>"; };
		55B59FB21D6CEAE800C3C4D4 /* MasterPiece.m */ = {isa = PBXFileReference; fileEncoding = 4; lastKnownFileType = sourcecode.c.objc; path = MasterPiece.m; sourceTree = "<group>"; };
		55B59FB31D6CEAE800C3C4D4 /* Venue.h */ = {isa = PBXFileReference; fileEncoding = 4; lastKnownFileType = sourcecode.c.h; path = Venue.h; sourceTree = "<group>"; };
		55B59FB41D6CEAE800C3C4D4 /* Venue.m */ = {isa = PBXFileReference; fileEncoding = 4; lastKnownFileType = sourcecode.c.objc; path = Venue.m; sourceTree = "<group>"; };
		55B59FBA1D6CF35200C3C4D4 /* EventsManager.h */ = {isa = PBXFileReference; fileEncoding = 4; lastKnownFileType = sourcecode.c.h; path = EventsManager.h; sourceTree = "<group>"; };
		55B59FBB1D6CF35200C3C4D4 /* EventsManager.m */ = {isa = PBXFileReference; fileEncoding = 4; lastKnownFileType = sourcecode.c.objc; path = EventsManager.m; sourceTree = "<group>"; };
/* End PBXFileReference section */

/* Begin PBXFrameworksBuildPhase section */
		55B59F6F1D673F2100C3C4D4 /* Frameworks */ = {
			isa = PBXFrameworksBuildPhase;
			buildActionMask = 2147483647;
			files = (
			);
			runOnlyForDeploymentPostprocessing = 0;
		};
/* End PBXFrameworksBuildPhase section */

/* Begin PBXGroup section */
		5530A05B1D75BCD000EB09D5 /* ViewControllers */ = {
			isa = PBXGroup;
			children = (
				553CA27F1D81A31E00D2F9A1 /* ABMasterPieceViewController.h */,
				553CA2801D81A31E00D2F9A1 /* ABMasterPieceViewController.m */,
				5530A05C1D75C04300EB09D5 /* ABExhibitionsViewController.h */,
				5530A05D1D75C04300EB09D5 /* ABExhibitionsViewController.m */,
				557D976A1D78CC3C001A6714 /* ABExhibitionInfoViewController.h */,
				557D976B1D78CC3C001A6714 /* ABExhibitionInfoViewController.m */,
				5530A0631D76222F00EB09D5 /* ABAuthorizationViewController.h */,
				5530A0641D76222F00EB09D5 /* ABAuthorizationViewController.m */,
			);
			name = ViewControllers;
			sourceTree = "<group>";
		};
		5530A05F1D75C0FA00EB09D5 /* Cells */ = {
			isa = PBXGroup;
			children = (
				5530A0601D76170D00EB09D5 /* ABExhibitionPreviewCell.h */,
				5530A0611D76170D00EB09D5 /* ABExhibitionPreviewCell.m */,
				557D976D1D7CAA19001A6714 /* ABMasterPieceCollectionViewCell.h */,
				557D976E1D7CAA19001A6714 /* ABMasterPieceCollectionViewCell.m */,
			);
			name = Cells;
			sourceTree = "<group>";
		};
		553CA2DE1D85F17600D2F9A1 /* Libs */ = {
			isa = PBXGroup;
			children = (
				553CA2DF1D85F17600D2F9A1 /* AFNetworking */,
				553CA2ED1D85F17600D2F9A1 /* UIKit+AFNetworking */,
			);
			path = Libs;
			sourceTree = "<group>";
		};
		553CA2DF1D85F17600D2F9A1 /* AFNetworking */ = {
			isa = PBXGroup;
			children = (
				553CA2E01D85F17600D2F9A1 /* AFHTTPSessionManager.h */,
				553CA2E11D85F17600D2F9A1 /* AFHTTPSessionManager.m */,
				553CA2E21D85F17600D2F9A1 /* AFNetworking.h */,
				553CA2E31D85F17600D2F9A1 /* AFNetworkReachabilityManager.h */,
				553CA2E41D85F17600D2F9A1 /* AFNetworkReachabilityManager.m */,
				553CA2E51D85F17600D2F9A1 /* AFSecurityPolicy.h */,
				553CA2E61D85F17600D2F9A1 /* AFSecurityPolicy.m */,
				553CA2E71D85F17600D2F9A1 /* AFURLRequestSerialization.h */,
				553CA2E81D85F17600D2F9A1 /* AFURLRequestSerialization.m */,
				553CA2E91D85F17600D2F9A1 /* AFURLResponseSerialization.h */,
				553CA2EA1D85F17600D2F9A1 /* AFURLResponseSerialization.m */,
				553CA2EB1D85F17600D2F9A1 /* AFURLSessionManager.h */,
				553CA2EC1D85F17600D2F9A1 /* AFURLSessionManager.m */,
			);
			path = AFNetworking;
			sourceTree = "<group>";
		};
		553CA2ED1D85F17600D2F9A1 /* UIKit+AFNetworking */ = {
			isa = PBXGroup;
			children = (
				553CA2EE1D85F17600D2F9A1 /* AFAutoPurgingImageCache.h */,
				553CA2EF1D85F17600D2F9A1 /* AFAutoPurgingImageCache.m */,
				553CA2F01D85F17600D2F9A1 /* AFImageDownloader.h */,
				553CA2F11D85F17600D2F9A1 /* AFImageDownloader.m */,
				553CA2F21D85F17600D2F9A1 /* AFNetworkActivityIndicatorManager.h */,
				553CA2F31D85F17600D2F9A1 /* AFNetworkActivityIndicatorManager.m */,
				553CA2F41D85F17600D2F9A1 /* UIActivityIndicatorView+AFNetworking.h */,
				553CA2F51D85F17600D2F9A1 /* UIActivityIndicatorView+AFNetworking.m */,
				553CA2F61D85F17600D2F9A1 /* UIButton+AFNetworking.h */,
				553CA2F71D85F17600D2F9A1 /* UIButton+AFNetworking.m */,
				553CA2F81D85F17600D2F9A1 /* UIImage+AFNetworking.h */,
				553CA2F91D85F17600D2F9A1 /* UIImageView+AFNetworking.h */,
				553CA2FA1D85F17600D2F9A1 /* UIImageView+AFNetworking.m */,
				553CA2FB1D85F17600D2F9A1 /* UIKit+AFNetworking.h */,
				553CA2FC1D85F17600D2F9A1 /* UIProgressView+AFNetworking.h */,
				553CA2FD1D85F17600D2F9A1 /* UIProgressView+AFNetworking.m */,
				553CA2FE1D85F17600D2F9A1 /* UIRefreshControl+AFNetworking.h */,
				553CA2FF1D85F17600D2F9A1 /* UIRefreshControl+AFNetworking.m */,
				553CA3001D85F17600D2F9A1 /* UIWebView+AFNetworking.h */,
				553CA3011D85F17600D2F9A1 /* UIWebView+AFNetworking.m */,
			);
			path = "UIKit+AFNetworking";
			sourceTree = "<group>";
		};
		557D97691D78CB8A001A6714 /* Buttons */ = {
			isa = PBXGroup;
			children = (
				557D97661D78C059001A6714 /* ABRoundedButton.h */,
				557D97671D78C059001A6714 /* ABRoundedButton.m */,
			);
			name = Buttons;
			sourceTree = "<group>";
		};
		55B59F691D673F2100C3C4D4 = {
			isa = PBXGroup;
			children = (
				55B59F741D673F2100C3C4D4 /* ExhibitionProject */,
				55B59F731D673F2100C3C4D4 /* Products */,
			);
			sourceTree = "<group>";
		};
		55B59F731D673F2100C3C4D4 /* Products */ = {
			isa = PBXGroup;
			children = (
				55B59F721D673F2100C3C4D4 /* ExhibitionProject.app */,
			);
			name = Products;
			sourceTree = "<group>";
		};
		55B59F741D673F2100C3C4D4 /* ExhibitionProject */ = {
			isa = PBXGroup;
			children = (
				553CA2DE1D85F17600D2F9A1 /* Libs */,
				5530A05F1D75C0FA00EB09D5 /* Cells */,
				5530A05B1D75BCD000EB09D5 /* ViewControllers */,
				55B59FA21D6CCE3800C3C4D4 /* NSString+NSDate.h */,
				55B59FA31D6CCE3900C3C4D4 /* NSString+NSDate.m */,
				557D97701D7CBF35001A6714 /* NSDate+NSString.h */,
				557D97711D7CBF35001A6714 /* NSDate+NSString.m */,
				55B59F8C1D673F3300C3C4D4 /* Model */,
				55B59F781D673F2100C3C4D4 /* AppDelegate.h */,
				55B59F791D673F2100C3C4D4 /* AppDelegate.m */,
				55B59F7E1D673F2100C3C4D4 /* Main.storyboard */,
				55B59F811D673F2100C3C4D4 /* Assets.xcassets */,
				55B59F831D673F2100C3C4D4 /* LaunchScreen.storyboard */,
				55B59F861D673F2100C3C4D4 /* Info.plist */,
				55B59F751D673F2100C3C4D4 /* Supporting Files */,
				557D97691D78CB8A001A6714 /* Buttons */,
			);
			path = ExhibitionProject;
			sourceTree = "<group>";
		};
		55B59F751D673F2100C3C4D4 /* Supporting Files */ = {
			isa = PBXGroup;
			children = (
				5530A06F1D7629C600EB09D5 /* OpenSans-Bold.ttf */,
				5530A0701D7629C600EB09D5 /* OpenSans-ExtraBold.ttf */,
				5530A0711D7629C600EB09D5 /* OpenSans-Light.ttf */,
				5530A0721D7629C600EB09D5 /* OpenSans-Regular.ttf */,
				55B59F761D673F2100C3C4D4 /* main.m */,
			);
			name = "Supporting Files";
			sourceTree = "<group>";
		};
		55B59F8C1D673F3300C3C4D4 /* Model */ = {
			isa = PBXGroup;
			children = (
				553CA3111D85FD5600D2F9A1 /* DataLoader.h */,
				553CA3121D85FDE500D2F9A1 /* ABEventsNetworkLoader.h */,
				553CA3131D85FDE500D2F9A1 /* ABEventsNetworkLoader.m */,
				55B59F8D1D673F6900C3C4D4 /* FavoriteItem.h */,
				55B59FBA1D6CF35200C3C4D4 /* EventsManager.h */,
				55B59FBB1D6CF35200C3C4D4 /* EventsManager.m */,
				55B59FA11D6CCDE700C3C4D4 /* DO */,
			);
			path = Model;
			sourceTree = "<group>";
		};
		55B59FA11D6CCDE700C3C4D4 /* DO */ = {
			isa = PBXGroup;
			children = (
				55B59FAB1D6CEAE800C3C4D4 /* Event.h */,
				55B59FAC1D6CEAE800C3C4D4 /* Event.m */,
				55B59FAD1D6CEAE800C3C4D4 /* Exhibition.h */,
				55B59FAE1D6CEAE800C3C4D4 /* Exhibition.m */,
				55B59FAF1D6CEAE800C3C4D4 /* Gallery.h */,
				55B59FB01D6CEAE800C3C4D4 /* Gallery.m */,
				55B59FB11D6CEAE800C3C4D4 /* MasterPiece.h */,
				55B59FB21D6CEAE800C3C4D4 /* MasterPiece.m */,
				55B59FB31D6CEAE800C3C4D4 /* Venue.h */,
				55B59FB41D6CEAE800C3C4D4 /* Venue.m */,
			);
			path = DO;
			sourceTree = "<group>";
		};
/* End PBXGroup section */

/* Begin PBXNativeTarget section */
		55B59F711D673F2100C3C4D4 /* ExhibitionProject */ = {
			isa = PBXNativeTarget;
			buildConfigurationList = 55B59F891D673F2100C3C4D4 /* Build configuration list for PBXNativeTarget "ExhibitionProject" */;
			buildPhases = (
				55B59F6E1D673F2100C3C4D4 /* Sources */,
				55B59F6F1D673F2100C3C4D4 /* Frameworks */,
				55B59F701D673F2100C3C4D4 /* Resources */,
			);
			buildRules = (
			);
			dependencies = (
			);
			name = ExhibitionProject;
			productName = ExhibitionProject;
			productReference = 55B59F721D673F2100C3C4D4 /* ExhibitionProject.app */;
			productType = "com.apple.product-type.application";
		};
/* End PBXNativeTarget section */

/* Begin PBXProject section */
		55B59F6A1D673F2100C3C4D4 /* Project object */ = {
			isa = PBXProject;
			attributes = {
				LastUpgradeCheck = 0730;
				ORGANIZATIONNAME = ABogushev;
				TargetAttributes = {
					55B59F711D673F2100C3C4D4 = {
						CreatedOnToolsVersion = 7.3.1;
						DevelopmentTeam = S6L573JZYJ;
					};
				};
			};
			buildConfigurationList = 55B59F6D1D673F2100C3C4D4 /* Build configuration list for PBXProject "ExhibitionProject" */;
			compatibilityVersion = "Xcode 3.2";
			developmentRegion = English;
			hasScannedForEncodings = 0;
			knownRegions = (
				en,
				Base,
			);
			mainGroup = 55B59F691D673F2100C3C4D4;
			productRefGroup = 55B59F731D673F2100C3C4D4 /* Products */;
			projectDirPath = "";
			projectRoot = "";
			targets = (
				55B59F711D673F2100C3C4D4 /* ExhibitionProject */,
			);
		};
/* End PBXProject section */

/* Begin PBXResourcesBuildPhase section */
		55B59F701D673F2100C3C4D4 /* Resources */ = {
			isa = PBXResourcesBuildPhase;
			buildActionMask = 2147483647;
			files = (
				5530A0731D762C0900EB09D5 /* OpenSans-Bold.ttf in Resources */,
				5530A0741D762C0900EB09D5 /* OpenSans-ExtraBold.ttf in Resources */,
				5530A0751D762C0900EB09D5 /* OpenSans-Light.ttf in Resources */,
				5530A0761D762C0900EB09D5 /* OpenSans-Regular.ttf in Resources */,
				55B59F851D673F2100C3C4D4 /* LaunchScreen.storyboard in Resources */,
				55B59F821D673F2100C3C4D4 /* Assets.xcassets in Resources */,
				55B59F801D673F2100C3C4D4 /* Main.storyboard in Resources */,
			);
			runOnlyForDeploymentPostprocessing = 0;
		};
/* End PBXResourcesBuildPhase section */

/* Begin PBXSourcesBuildPhase section */
		55B59F6E1D673F2100C3C4D4 /* Sources */ = {
			isa = PBXSourcesBuildPhase;
			buildActionMask = 2147483647;
			files = (
				5530A05E1D75C04300EB09D5 /* ABExhibitionsViewController.m in Sources */,
				553CA30D1D85F17600D2F9A1 /* UIImageView+AFNetworking.m in Sources */,
				553CA30F1D85F17600D2F9A1 /* UIRefreshControl+AFNetworking.m in Sources */,
				553CA3021D85F17600D2F9A1 /* AFHTTPSessionManager.m in Sources */,
				553CA3031D85F17600D2F9A1 /* AFNetworkReachabilityManager.m in Sources */,
				553CA3101D85F17600D2F9A1 /* UIWebView+AFNetworking.m in Sources */,
				553CA3091D85F17600D2F9A1 /* AFImageDownloader.m in Sources */,
				5530A0621D76170D00EB09D5 /* ABExhibitionPreviewCell.m in Sources */,
				55B59FB51D6CEAE800C3C4D4 /* Event.m in Sources */,
				553CA30B1D85F17600D2F9A1 /* UIActivityIndicatorView+AFNetworking.m in Sources */,
				553CA3081D85F17600D2F9A1 /* AFAutoPurgingImageCache.m in Sources */,
				553CA30A1D85F17600D2F9A1 /* AFNetworkActivityIndicatorManager.m in Sources */,
				553CA30E1D85F17600D2F9A1 /* UIProgressView+AFNetworking.m in Sources */,
				55B59FB91D6CEAE800C3C4D4 /* Venue.m in Sources */,
				553CA30C1D85F17600D2F9A1 /* UIButton+AFNetworking.m in Sources */,
				553CA3051D85F17600D2F9A1 /* AFURLRequestSerialization.m in Sources */,
				553CA3041D85F17600D2F9A1 /* AFSecurityPolicy.m in Sources */,
				553CA3071D85F17600D2F9A1 /* AFURLSessionManager.m in Sources */,
				553CA3141D85FDE500D2F9A1 /* ABEventsNetworkLoader.m in Sources */,
				55B59F7A1D673F2100C3C4D4 /* AppDelegate.m in Sources */,
				55B59FBC1D6CF35200C3C4D4 /* EventsManager.m in Sources */,
				557D976C1D78CC3C001A6714 /* ABExhibitionInfoViewController.m in Sources */,
				557D97721D7CBF35001A6714 /* NSDate+NSString.m in Sources */,
				557D976F1D7CAA19001A6714 /* ABMasterPieceCollectionViewCell.m in Sources */,
				55B59FB81D6CEAE800C3C4D4 /* MasterPiece.m in Sources */,
				55B59FB71D6CEAE800C3C4D4 /* Gallery.m in Sources */,
				55B59F771D673F2100C3C4D4 /* main.m in Sources */,
				55B59FA41D6CCE3900C3C4D4 /* NSString+NSDate.m in Sources */,
				55B59FB61D6CEAE800C3C4D4 /* Exhibition.m in Sources */,
				557D97681D78C059001A6714 /* ABRoundedButton.m in Sources */,
				553CA2811D81A31E00D2F9A1 /* ABMasterPieceViewController.m in Sources */,
				5530A0651D76222F00EB09D5 /* ABAuthorizationViewController.m in Sources */,
				553CA3061D85F17600D2F9A1 /* AFURLResponseSerialization.m in Sources */,
			);
			runOnlyForDeploymentPostprocessing = 0;
		};
/* End PBXSourcesBuildPhase section */

/* Begin PBXVariantGroup section */
		55B59F7E1D673F2100C3C4D4 /* Main.storyboard */ = {
			isa = PBXVariantGroup;
			children = (
				55B59F7F1D673F2100C3C4D4 /* Base */,
			);
			name = Main.storyboard;
			sourceTree = "<group>";
		};
		55B59F831D673F2100C3C4D4 /* LaunchScreen.storyboard */ = {
			isa = PBXVariantGroup;
			children = (
				55B59F841D673F2100C3C4D4 /* Base */,
			);
			name = LaunchScreen.storyboard;
			sourceTree = "<group>";
		};
/* End PBXVariantGroup section */

/* Begin XCBuildConfiguration section */
		55B59F871D673F2100C3C4D4 /* Debug */ = {
			isa = XCBuildConfiguration;
			buildSettings = {
				ALWAYS_SEARCH_USER_PATHS = NO;
				CLANG_ANALYZER_NONNULL = YES;
				CLANG_CXX_LANGUAGE_STANDARD = "gnu++0x";
				CLANG_CXX_LIBRARY = "libc++";
				CLANG_ENABLE_MODULES = YES;
				CLANG_ENABLE_OBJC_ARC = YES;
				CLANG_WARN_BOOL_CONVERSION = YES;
				CLANG_WARN_CONSTANT_CONVERSION = YES;
				CLANG_WARN_DIRECT_OBJC_ISA_USAGE = YES_ERROR;
				CLANG_WARN_EMPTY_BODY = YES;
				CLANG_WARN_ENUM_CONVERSION = YES;
				CLANG_WARN_INT_CONVERSION = YES;
				CLANG_WARN_OBJC_ROOT_CLASS = YES_ERROR;
				CLANG_WARN_UNREACHABLE_CODE = YES;
				CLANG_WARN__DUPLICATE_METHOD_MATCH = YES;
				"CODE_SIGN_IDENTITY[sdk=iphoneos*]" = "iPhone Developer";
				COPY_PHASE_STRIP = NO;
				DEBUG_INFORMATION_FORMAT = dwarf;
				ENABLE_STRICT_OBJC_MSGSEND = YES;
				ENABLE_TESTABILITY = YES;
				GCC_C_LANGUAGE_STANDARD = gnu99;
				GCC_DYNAMIC_NO_PIC = NO;
				GCC_NO_COMMON_BLOCKS = YES;
				GCC_OPTIMIZATION_LEVEL = 0;
				GCC_PREPROCESSOR_DEFINITIONS = (
					"DEBUG=1",
					"$(inherited)",
				);
				GCC_WARN_64_TO_32_BIT_CONVERSION = YES;
				GCC_WARN_ABOUT_RETURN_TYPE = YES_ERROR;
				GCC_WARN_UNDECLARED_SELECTOR = YES;
				GCC_WARN_UNINITIALIZED_AUTOS = YES_AGGRESSIVE;
				GCC_WARN_UNUSED_FUNCTION = YES;
				GCC_WARN_UNUSED_VARIABLE = YES;
				IPHONEOS_DEPLOYMENT_TARGET = 9.3;
				MTL_ENABLE_DEBUG_INFO = YES;
				ONLY_ACTIVE_ARCH = YES;
				SDKROOT = iphoneos;
				TARGETED_DEVICE_FAMILY = "1,2";
			};
			name = Debug;
		};
		55B59F881D673F2100C3C4D4 /* Release */ = {
			isa = XCBuildConfiguration;
			buildSettings = {
				ALWAYS_SEARCH_USER_PATHS = NO;
				CLANG_ANALYZER_NONNULL = YES;
				CLANG_CXX_LANGUAGE_STANDARD = "gnu++0x";
				CLANG_CXX_LIBRARY = "libc++";
				CLANG_ENABLE_MODULES = YES;
				CLANG_ENABLE_OBJC_ARC = YES;
				CLANG_WARN_BOOL_CONVERSION = YES;
				CLANG_WARN_CONSTANT_CONVERSION = YES;
				CLANG_WARN_DIRECT_OBJC_ISA_USAGE = YES_ERROR;
				CLANG_WARN_EMPTY_BODY = YES;
				CLANG_WARN_ENUM_CONVERSION = YES;
				CLANG_WARN_INT_CONVERSION = YES;
				CLANG_WARN_OBJC_ROOT_CLASS = YES_ERROR;
				CLANG_WARN_UNREACHABLE_CODE = YES;
				CLANG_WARN__DUPLICATE_METHOD_MATCH = YES;
				"CODE_SIGN_IDENTITY[sdk=iphoneos*]" = "iPhone Developer";
				COPY_PHASE_STRIP = NO;
				DEBUG_INFORMATION_FORMAT = "dwarf-with-dsym";
				ENABLE_NS_ASSERTIONS = NO;
				ENABLE_STRICT_OBJC_MSGSEND = YES;
				GCC_C_LANGUAGE_STANDARD = gnu99;
				GCC_NO_COMMON_BLOCKS = YES;
				GCC_WARN_64_TO_32_BIT_CONVERSION = YES;
				GCC_WARN_ABOUT_RETURN_TYPE = YES_ERROR;
				GCC_WARN_UNDECLARED_SELECTOR = YES;
				GCC_WARN_UNINITIALIZED_AUTOS = YES_AGGRESSIVE;
				GCC_WARN_UNUSED_FUNCTION = YES;
				GCC_WARN_UNUSED_VARIABLE = YES;
				IPHONEOS_DEPLOYMENT_TARGET = 9.3;
				MTL_ENABLE_DEBUG_INFO = NO;
				SDKROOT = iphoneos;
				TARGETED_DEVICE_FAMILY = "1,2";
				VALIDATE_PRODUCT = YES;
			};
			name = Release;
		};
		55B59F8A1D673F2100C3C4D4 /* Debug */ = {
			isa = XCBuildConfiguration;
			buildSettings = {
				ASSETCATALOG_COMPILER_APPICON_NAME = AppIcon;
				INFOPLIST_FILE = ExhibitionProject/Info.plist;
				LD_RUNPATH_SEARCH_PATHS = "$(inherited) @executable_path/Frameworks";
				PRODUCT_BUNDLE_IDENTIFIER = HomeForge.ExhibitionProject;
				PRODUCT_NAME = "$(TARGET_NAME)";
			};
			name = Debug;
		};
		55B59F8B1D673F2100C3C4D4 /* Release */ = {
			isa = XCBuildConfiguration;
			buildSettings = {
				ASSETCATALOG_COMPILER_APPICON_NAME = AppIcon;
				INFOPLIST_FILE = ExhibitionProject/Info.plist;
				LD_RUNPATH_SEARCH_PATHS = "$(inherited) @executable_path/Frameworks";
				PRODUCT_BUNDLE_IDENTIFIER = HomeForge.ExhibitionProject;
				PRODUCT_NAME = "$(TARGET_NAME)";
			};
			name = Release;
		};
/* End XCBuildConfiguration section */

/* Begin XCConfigurationList section */
		55B59F6D1D673F2100C3C4D4 /* Build configuration list for PBXProject "ExhibitionProject" */ = {
			isa = XCConfigurationList;
			buildConfigurations = (
				55B59F871D673F2100C3C4D4 /* Debug */,
				55B59F881D673F2100C3C4D4 /* Release */,
			);
			defaultConfigurationIsVisible = 0;
			defaultConfigurationName = Release;
		};
		55B59F891D673F2100C3C4D4 /* Build configuration list for PBXNativeTarget "ExhibitionProject" */ = {
			isa = XCConfigurationList;
			buildConfigurations = (
				55B59F8A1D673F2100C3C4D4 /* Debug */,
				55B59F8B1D673F2100C3C4D4 /* Release */,
			);
			defaultConfigurationIsVisible = 0;
			defaultConfigurationName = Release;
		};
/* End XCConfigurationList section */
	};
	rootObject = 55B59F6A1D673F2100C3C4D4 /* Project object */;
}
